
Microsoft Visual Studio Solution File, Format Version 12.00
# Visual Studio Version 17
VisualStudioVersion = 17.7.34202.233
MinimumVisualStudioVersion = 10.0.40219.1
Project("{FAE04EC0-301F-11D3-BF4B-00C04F79EFBC}") = "api.Lista.PRO", "api.Lista.PRO\api.Lista.PRO.csproj", "{D7CFD3D7-5084-4B6C-8089-700B563F7C13}"
EndProject
Global
	GlobalSection(SolutionConfigurationPlatforms) = preSolution
		Debug|Any CPU = Debug|Any CPU
		Release|Any CPU = Release|Any CPU
	EndGlobalSection
	GlobalSection(ProjectConfigurationPlatforms) = postSolution
		{D7CFD3D7-5084-4B6C-8089-700B563F7C13}.Debug|Any CPU.ActiveCfg = Debug|Any CPU
		{D7CFD3D7-5084-4B6C-8089-700B563F7C13}.Debug|Any CPU.Build.0 = Debug|Any CPU
		{D7CFD3D7-5084-4B6C-8089-700B563F7C13}.Release|Any CPU.ActiveCfg = Release|Any CPU
		{D7CFD3D7-5084-4B6C-8089-700B563F7C13}.Release|Any CPU.Build.0 = Release|Any CPU
	EndGlobalSection
	GlobalSection(SolutionProperties) = preSolution
		HideSolutionNode = FALSE
	EndGlobalSection
	GlobalSection(ExtensibilityGlobals) = postSolution
		SolutionGuid = {7D4C4520-1380-4B45-94FF-172DD8ED31A6}
	EndGlobalSection
EndGlobal
